
Microsoft Visual Studio Solution File, Format Version 12.00
# Visual Studio Version 16
VisualStudioVersion = 16.0.31702.278
MinimumVisualStudioVersion = 10.0.40219.1
Project("{FAE04EC0-301F-11D3-BF4B-00C04F79EFBC}") = "OOPLesson", "OOPLesson.csproj", "{0EE02A38-BB02-4EE1-B786-C6AE079153E3}"
EndProject
Project("{FAE04EC0-301F-11D3-BF4B-00C04F79EFBC}") = "OOPLessonLibrary", "..\OOPLessonLibrary\OOPLessonLibrary.csproj", "{80946B37-C380-4C2B-B0EC-009A400F1FCF}"
EndProject
Global
	GlobalSection(SolutionConfigurationPlatforms) = preSolution
		Debug|Any CPU = Debug|Any CPU
		Release|Any CPU = Release|Any CPU
	EndGlobalSection
	GlobalSection(ProjectConfigurationPlatforms) = postSolution
		{0EE02A38-BB02-4EE1-B786-C6AE079153E3}.Debug|Any CPU.ActiveCfg = Debug|Any CPU
		{0EE02A38-BB02-4EE1-B786-C6AE079153E3}.Debug|Any CPU.Build.0 = Debug|Any CPU
		{0EE02A38-BB02-4EE1-B786-C6AE079153E3}.Release|Any CPU.ActiveCfg = Release|Any CPU
		{0EE02A38-BB02-4EE1-B786-C6AE079153E3}.Release|Any CPU.Build.0 = Release|Any CPU
		{80946B37-C380-4C2B-B0EC-009A400F1FCF}.Debug|Any CPU.ActiveCfg = Debug|Any CPU
		{80946B37-C380-4C2B-B0EC-009A400F1FCF}.Debug|Any CPU.Build.0 = Debug|Any CPU
		{80946B37-C380-4C2B-B0EC-009A400F1FCF}.Release|Any CPU.ActiveCfg = Release|Any CPU
		{80946B37-C380-4C2B-B0EC-009A400F1FCF}.Release|Any CPU.Build.0 = Release|Any CPU
	EndGlobalSection
	GlobalSection(SolutionProperties) = preSolution
		HideSolutionNode = FALSE
	EndGlobalSection
	GlobalSection(ExtensibilityGlobals) = postSolution
		SolutionGuid = {54ED6A90-42EF-46B0-BA01-46273CB32187}
	EndGlobalSection
EndGlobal
